// !$*UTF8*$!
{
	archiveVersion = 1;
	classes = {
	};
	objectVersion = 50;
	objects = {

/* Begin PBXBuildFile section */
		5D052728225F39410099DB88 /* AppDelegate.m in Sources */ = {isa = PBXBuildFile; fileRef = 5D052727225F39410099DB88 /* AppDelegate.m */; };
		5D05272B225F39410099DB88 /* ViewController.m in Sources */ = {isa = PBXBuildFile; fileRef = 5D05272A225F39410099DB88 /* ViewController.m */; };
		5D05272E225F39410099DB88 /* Main.storyboard in Resources */ = {isa = PBXBuildFile; fileRef = 5D05272C225F39410099DB88 /* Main.storyboard */; };
		5D052730225F39420099DB88 /* Assets.xcassets in Resources */ = {isa = PBXBuildFile; fileRef = 5D05272F225F39420099DB88 /* Assets.xcassets */; };
		5D052733225F39420099DB88 /* LaunchScreen.storyboard in Resources */ = {isa = PBXBuildFile; fileRef = 5D052731225F39420099DB88 /* LaunchScreen.storyboard */; };
		5D052736225F39420099DB88 /* main.m in Sources */ = {isa = PBXBuildFile; fileRef = 5D052735225F39420099DB88 /* main.m */; };
		5D052740226038740099DB88 /* UserNotifications.framework in Frameworks */ = {isa = PBXBuildFile; fileRef = 5D05273F226038740099DB88 /* UserNotifications.framework */; };
		5D05274522606BA20099DB88 /* HBOAAlertView.xib in Resources */ = {isa = PBXBuildFile; fileRef = 5D05274222606BA20099DB88 /* HBOAAlertView.xib */; };
		5D05274622606BA20099DB88 /* HBOAAlertView.m in Sources */ = {isa = PBXBuildFile; fileRef = 5D05274322606BA20099DB88 /* HBOAAlertView.m */; };
		5D05274B2264A4AA0099DB88 /* HBLogProfiler.m in Sources */ = {isa = PBXBuildFile; fileRef = 5D05274A2264A4AA0099DB88 /* HBLogProfiler.m */; };
		5D052755226561F00099DB88 /* NotificationService.m in Sources */ = {isa = PBXBuildFile; fileRef = 5D052754226561F00099DB88 /* NotificationService.m */; };
		5D052759226561F00099DB88 /* NotificationService.appex in Embed App Extensions */ = {isa = PBXBuildFile; fileRef = 5D052751226561EF0099DB88 /* NotificationService.appex */; settings = {ATTRIBUTES = (RemoveHeadersOnCopy, ); }; };
		5D0527632265DB1A0099DB88 /* UserNotifications.framework in Frameworks */ = {isa = PBXBuildFile; fileRef = 5D05273F226038740099DB88 /* UserNotifications.framework */; };
		5D0527652265DB1A0099DB88 /* UserNotificationsUI.framework in Frameworks */ = {isa = PBXBuildFile; fileRef = 5D0527642265DB1A0099DB88 /* UserNotificationsUI.framework */; };
		5D0527692265DB1B0099DB88 /* NotificationViewController.m in Sources */ = {isa = PBXBuildFile; fileRef = 5D0527682265DB1B0099DB88 /* NotificationViewController.m */; };
		5D0527702265DB1B0099DB88 /* NotificationContent.appex in Embed App Extensions */ = {isa = PBXBuildFile; fileRef = 5D0527622265DB1A0099DB88 /* NotificationContent.appex */; settings = {ATTRIBUTES = (RemoveHeadersOnCopy, ); }; };
		5DB5345C226817CC009796DB /* NotificationAction.m in Sources */ = {isa = PBXBuildFile; fileRef = 5DB5345B226817CC009796DB /* NotificationAction.m */; };
		5DB5345E2268286A009796DB /* CoreLocation.framework in Frameworks */ = {isa = PBXBuildFile; fileRef = 5DB5345D2268286A009796DB /* CoreLocation.framework */; };
		5DB534612268401A009796DB /* MoLocationManager.m in Sources */ = {isa = PBXBuildFile; fileRef = 5DB534602268401A009796DB /* MoLocationManager.m */; };
		5DB5346422685B89009796DB /* Localizable.strings in Resources */ = {isa = PBXBuildFile; fileRef = 5DB5346622685B89009796DB /* Localizable.strings */; };
		5DC796362266EAA900C9CECD /* logo_img_02@3x.png in Resources */ = {isa = PBXBuildFile; fileRef = 5DC796302266EAA900C9CECD /* logo_img_02@3x.png */; };
		5DC796372266EAA900C9CECD /* logo_img_02@2x.png in Resources */ = {isa = PBXBuildFile; fileRef = 5DC796312266EAA900C9CECD /* logo_img_02@2x.png */; };
		5DC796382266EAA900C9CECD /* sound01.wav in Resources */ = {isa = PBXBuildFile; fileRef = 5DC796322266EAA900C9CECD /* sound01.wav */; };
		5DC796392266EAA900C9CECD /* sound02.wav in Resources */ = {isa = PBXBuildFile; fileRef = 5DC796332266EAA900C9CECD /* sound02.wav */; };
		5DC796412267135700C9CECD /* MainInterface.storyboard in Resources */ = {isa = PBXBuildFile; fileRef = 5DC7963F2267135700C9CECD /* MainInterface.storyboard */; };
		E95D5FA2226629EA00CA0D92 /* LocalNotificationViewController.m in Sources */ = {isa = PBXBuildFile; fileRef = E95D5FA1226629EA00CA0D92 /* LocalNotificationViewController.m */; };
		E95D5FA42267731600CA0D92 /* CoreTelephony.framework in Frameworks */ = {isa = PBXBuildFile; fileRef = E95D5FA32267731600CA0D92 /* CoreTelephony.framework */; };
		E95D5FA72267751A00CA0D92 /* HBOAReachability.m in Sources */ = {isa = PBXBuildFile; fileRef = E95D5FA62267751900CA0D92 /* HBOAReachability.m */; };
		E95D5FA92267756300CA0D92 /* SystemConfiguration.framework in Frameworks */ = {isa = PBXBuildFile; fileRef = E95D5FA82267756300CA0D92 /* SystemConfiguration.framework */; };
/* End PBXBuildFile section */

/* Begin PBXContainerItemProxy section */
		5D052757226561F00099DB88 /* PBXContainerItemProxy */ = {
			isa = PBXContainerItemProxy;
			containerPortal = 5D05271B225F39410099DB88 /* Project object */;
			proxyType = 1;
			remoteGlobalIDString = 5D052750226561EF0099DB88;
			remoteInfo = NotificationService;
		};
		5D05276E2265DB1B0099DB88 /* PBXContainerItemProxy */ = {
			isa = PBXContainerItemProxy;
			containerPortal = 5D05271B225F39410099DB88 /* Project object */;
			proxyType = 1;
			remoteGlobalIDString = 5D0527612265DB1A0099DB88;
			remoteInfo = NotificationContent;
		};
/* End PBXContainerItemProxy section */

/* Begin PBXCopyFilesBuildPhase section */
		5D05275D226561F00099DB88 /* Embed App Extensions */ = {
			isa = PBXCopyFilesBuildPhase;
			buildActionMask = 2147483647;
			dstPath = "";
			dstSubfolderSpec = 13;
			files = (
				5D052759226561F00099DB88 /* NotificationService.appex in Embed App Extensions */,
				5D0527702265DB1B0099DB88 /* NotificationContent.appex in Embed App Extensions */,
			);
			name = "Embed App Extensions";
			runOnlyForDeploymentPostprocessing = 0;
		};
/* End PBXCopyFilesBuildPhase section */

/* Begin PBXFileReference section */
		5D052723225F39410099DB88 /* Notication.app */ = {isa = PBXFileReference; explicitFileType = wrapper.application; includeInIndex = 0; path = Notication.app; sourceTree = BUILT_PRODUCTS_DIR; };
		5D052726225F39410099DB88 /* AppDelegate.h */ = {isa = PBXFileReference; lastKnownFileType = sourcecode.c.h; path = AppDelegate.h; sourceTree = "<group>"; };
		5D052727225F39410099DB88 /* AppDelegate.m */ = {isa = PBXFileReference; lastKnownFileType = sourcecode.c.objc; path = AppDelegate.m; sourceTree = "<group>"; };
		5D052729225F39410099DB88 /* ViewController.h */ = {isa = PBXFileReference; lastKnownFileType = sourcecode.c.h; path = ViewController.h; sourceTree = "<group>"; };
		5D05272A225F39410099DB88 /* ViewController.m */ = {isa = PBXFileReference; lastKnownFileType = sourcecode.c.objc; path = ViewController.m; sourceTree = "<group>"; };
		5D05272D225F39410099DB88 /* Base */ = {isa = PBXFileReference; lastKnownFileType = file.storyboard; name = Base; path = Base.lproj/Main.storyboard; sourceTree = "<group>"; };
		5D05272F225F39420099DB88 /* Assets.xcassets */ = {isa = PBXFileReference; lastKnownFileType = folder.assetcatalog; path = Assets.xcassets; sourceTree = "<group>"; };
		5D052732225F39420099DB88 /* Base */ = {isa = PBXFileReference; lastKnownFileType = file.storyboard; name = Base; path = Base.lproj/LaunchScreen.storyboard; sourceTree = "<group>"; };
		5D052734225F39420099DB88 /* Info.plist */ = {isa = PBXFileReference; lastKnownFileType = text.plist.xml; path = Info.plist; sourceTree = "<group>"; };
		5D052735225F39420099DB88 /* main.m */ = {isa = PBXFileReference; lastKnownFileType = sourcecode.c.objc; path = main.m; sourceTree = "<group>"; };
		5D05273C225F3C8B0099DB88 /* Notication.entitlements */ = {isa = PBXFileReference; lastKnownFileType = text.plist.entitlements; path = Notication.entitlements; sourceTree = "<group>"; };
		5D05273F226038740099DB88 /* UserNotifications.framework */ = {isa = PBXFileReference; lastKnownFileType = wrapper.framework; name = UserNotifications.framework; path = System/Library/Frameworks/UserNotifications.framework; sourceTree = SDKROOT; };
		5D05274222606BA20099DB88 /* HBOAAlertView.xib */ = {isa = PBXFileReference; fileEncoding = 4; lastKnownFileType = file.xib; path = HBOAAlertView.xib; sourceTree = "<group>"; };
		5D05274322606BA20099DB88 /* HBOAAlertView.m */ = {isa = PBXFileReference; fileEncoding = 4; lastKnownFileType = sourcecode.c.objc; path = HBOAAlertView.m; sourceTree = "<group>"; };
		5D05274422606BA20099DB88 /* HBOAAlertView.h */ = {isa = PBXFileReference; fileEncoding = 4; lastKnownFileType = sourcecode.c.h; path = HBOAAlertView.h; sourceTree = "<group>"; };
		5D05274822606F140099DB88 /* PrefixHeader.pch */ = {isa = PBXFileReference; lastKnownFileType = sourcecode.c.h; path = PrefixHeader.pch; sourceTree = "<group>"; };
		5D0527492264A4AA0099DB88 /* HBLogProfiler.h */ = {isa = PBXFileReference; lastKnownFileType = sourcecode.c.h; path = HBLogProfiler.h; sourceTree = "<group>"; };
		5D05274A2264A4AA0099DB88 /* HBLogProfiler.m */ = {isa = PBXFileReference; lastKnownFileType = sourcecode.c.objc; path = HBLogProfiler.m; sourceTree = "<group>"; };
		5D052751226561EF0099DB88 /* NotificationService.appex */ = {isa = PBXFileReference; explicitFileType = "wrapper.app-extension"; includeInIndex = 0; path = NotificationService.appex; sourceTree = BUILT_PRODUCTS_DIR; };
		5D052753226561F00099DB88 /* NotificationService.h */ = {isa = PBXFileReference; lastKnownFileType = sourcecode.c.h; path = NotificationService.h; sourceTree = "<group>"; };
		5D052754226561F00099DB88 /* NotificationService.m */ = {isa = PBXFileReference; lastKnownFileType = sourcecode.c.objc; path = NotificationService.m; sourceTree = "<group>"; };
		5D052756226561F00099DB88 /* Info.plist */ = {isa = PBXFileReference; lastKnownFileType = text.plist.xml; path = Info.plist; sourceTree = "<group>"; };
		5D0527622265DB1A0099DB88 /* NotificationContent.appex */ = {isa = PBXFileReference; explicitFileType = "wrapper.app-extension"; includeInIndex = 0; path = NotificationContent.appex; sourceTree = BUILT_PRODUCTS_DIR; };
		5D0527642265DB1A0099DB88 /* UserNotificationsUI.framework */ = {isa = PBXFileReference; lastKnownFileType = wrapper.framework; name = UserNotificationsUI.framework; path = System/Library/Frameworks/UserNotificationsUI.framework; sourceTree = SDKROOT; };
		5D0527672265DB1B0099DB88 /* NotificationViewController.h */ = {isa = PBXFileReference; lastKnownFileType = sourcecode.c.h; path = NotificationViewController.h; sourceTree = "<group>"; };
		5D0527682265DB1B0099DB88 /* NotificationViewController.m */ = {isa = PBXFileReference; lastKnownFileType = sourcecode.c.objc; path = NotificationViewController.m; sourceTree = "<group>"; };
		5D05276D2265DB1B0099DB88 /* Info.plist */ = {isa = PBXFileReference; lastKnownFileType = text.plist.xml; path = Info.plist; sourceTree = "<group>"; };
		5DB5345A226817CC009796DB /* NotificationAction.h */ = {isa = PBXFileReference; lastKnownFileType = sourcecode.c.h; path = NotificationAction.h; sourceTree = "<group>"; };
		5DB5345B226817CC009796DB /* NotificationAction.m */ = {isa = PBXFileReference; lastKnownFileType = sourcecode.c.objc; path = NotificationAction.m; sourceTree = "<group>"; };
		5DB5345D2268286A009796DB /* CoreLocation.framework */ = {isa = PBXFileReference; lastKnownFileType = wrapper.framework; name = CoreLocation.framework; path = System/Library/Frameworks/CoreLocation.framework; sourceTree = SDKROOT; };
		5DB5345F2268401A009796DB /* MoLocationManager.h */ = {isa = PBXFileReference; lastKnownFileType = sourcecode.c.h; path = MoLocationManager.h; sourceTree = "<group>"; };
		5DB534602268401A009796DB /* MoLocationManager.m */ = {isa = PBXFileReference; lastKnownFileType = sourcecode.c.objc; path = MoLocationManager.m; sourceTree = "<group>"; };
		5DB5346522685B89009796DB /* en */ = {isa = PBXFileReference; lastKnownFileType = text.plist.strings; name = en; path = en.lproj/Localizable.strings; sourceTree = "<group>"; };
		5DC796302266EAA900C9CECD /* logo_img_02@3x.png */ = {isa = PBXFileReference; lastKnownFileType = image.png; path = "logo_img_02@3x.png"; sourceTree = "<group>"; };
		5DC796312266EAA900C9CECD /* logo_img_02@2x.png */ = {isa = PBXFileReference; lastKnownFileType = image.png; path = "logo_img_02@2x.png"; sourceTree = "<group>"; };
		5DC796322266EAA900C9CECD /* sound01.wav */ = {isa = PBXFileReference; lastKnownFileType = audio.wav; path = sound01.wav; sourceTree = "<group>"; };
		5DC796332266EAA900C9CECD /* sound02.wav */ = {isa = PBXFileReference; lastKnownFileType = audio.wav; path = sound02.wav; sourceTree = "<group>"; };
		5DC796402267135700C9CECD /* Base */ = {isa = PBXFileReference; lastKnownFileType = file.storyboard; name = Base; path = Base.lproj/MainInterface.storyboard; sourceTree = "<group>"; };
		E95D5FA0226629EA00CA0D92 /* LocalNotificationViewController.h */ = {isa = PBXFileReference; lastKnownFileType = sourcecode.c.h; path = LocalNotificationViewController.h; sourceTree = "<group>"; };
		E95D5FA1226629EA00CA0D92 /* LocalNotificationViewController.m */ = {isa = PBXFileReference; lastKnownFileType = sourcecode.c.objc; path = LocalNotificationViewController.m; sourceTree = "<group>"; };
		E95D5FA32267731600CA0D92 /* CoreTelephony.framework */ = {isa = PBXFileReference; lastKnownFileType = wrapper.framework; name = CoreTelephony.framework; path = System/Library/Frameworks/CoreTelephony.framework; sourceTree = SDKROOT; };
		E95D5FA52267751900CA0D92 /* HBOAReachability.h */ = {isa = PBXFileReference; fileEncoding = 4; lastKnownFileType = sourcecode.c.h; path = HBOAReachability.h; sourceTree = "<group>"; };
		E95D5FA62267751900CA0D92 /* HBOAReachability.m */ = {isa = PBXFileReference; fileEncoding = 4; lastKnownFileType = sourcecode.c.objc; path = HBOAReachability.m; sourceTree = "<group>"; };
		E95D5FA82267756300CA0D92 /* SystemConfiguration.framework */ = {isa = PBXFileReference; lastKnownFileType = wrapper.framework; name = SystemConfiguration.framework; path = System/Library/Frameworks/SystemConfiguration.framework; sourceTree = SDKROOT; };
/* End PBXFileReference section */

/* Begin PBXFrameworksBuildPhase section */
		5D052720225F39410099DB88 /* Frameworks */ = {
			isa = PBXFrameworksBuildPhase;
			buildActionMask = 2147483647;
			files = (
				5DB5345E2268286A009796DB /* CoreLocation.framework in Frameworks */,
				E95D5FA92267756300CA0D92 /* SystemConfiguration.framework in Frameworks */,
				E95D5FA42267731600CA0D92 /* CoreTelephony.framework in Frameworks */,
				5D052740226038740099DB88 /* UserNotifications.framework in Frameworks */,
			);
			runOnlyForDeploymentPostprocessing = 0;
		};
		5D05274E226561EF0099DB88 /* Frameworks */ = {
			isa = PBXFrameworksBuildPhase;
			buildActionMask = 2147483647;
			files = (
			);
			runOnlyForDeploymentPostprocessing = 0;
		};
		5D05275F2265DB1A0099DB88 /* Frameworks */ = {
			isa = PBXFrameworksBuildPhase;
			buildActionMask = 2147483647;
			files = (
				5D0527652265DB1A0099DB88 /* UserNotificationsUI.framework in Frameworks */,
				5D0527632265DB1A0099DB88 /* UserNotifications.framework in Frameworks */,
			);
			runOnlyForDeploymentPostprocessing = 0;
		};
/* End PBXFrameworksBuildPhase section */

/* Begin PBXGroup section */
		5D05271A225F39410099DB88 = {
			isa = PBXGroup;
			children = (
				5D052725225F39410099DB88 /* Notication */,
				5D052752226561F00099DB88 /* NotificationService */,
				5D0527662265DB1A0099DB88 /* NotificationContent */,
				5D052724225F39410099DB88 /* Products */,
				5D05273E226038730099DB88 /* Frameworks */,
			);
			sourceTree = "<group>";
		};
		5D052724225F39410099DB88 /* Products */ = {
			isa = PBXGroup;
			children = (
				5D052723225F39410099DB88 /* Notication.app */,
				5D052751226561EF0099DB88 /* NotificationService.appex */,
				5D0527622265DB1A0099DB88 /* NotificationContent.appex */,
			);
			name = Products;
			sourceTree = "<group>";
		};
		5D052725225F39410099DB88 /* Notication */ = {
			isa = PBXGroup;
			children = (
				5D05273C225F3C8B0099DB88 /* Notication.entitlements */,
				5D052726225F39410099DB88 /* AppDelegate.h */,
				5D052727225F39410099DB88 /* AppDelegate.m */,
				5D052729225F39410099DB88 /* ViewController.h */,
				5D05272A225F39410099DB88 /* ViewController.m */,
				E95D5FA0226629EA00CA0D92 /* LocalNotificationViewController.h */,
				E95D5FA1226629EA00CA0D92 /* LocalNotificationViewController.m */,
				5DB5345A226817CC009796DB /* NotificationAction.h */,
				5DB5345B226817CC009796DB /* NotificationAction.m */,
				5D0527492264A4AA0099DB88 /* HBLogProfiler.h */,
				5D05274A2264A4AA0099DB88 /* HBLogProfiler.m */,
				E95D5FA52267751900CA0D92 /* HBOAReachability.h */,
				E95D5FA62267751900CA0D92 /* HBOAReachability.m */,
				5DB5345F2268401A009796DB /* MoLocationManager.h */,
				5DB534602268401A009796DB /* MoLocationManager.m */,
				5DC7962F2266EAA900C9CECD /* Resource */,
				5D05274122606BA20099DB88 /* HBOAAlert */,
				5D05272C225F39410099DB88 /* Main.storyboard */,
				5D05272F225F39420099DB88 /* Assets.xcassets */,
				5D052731225F39420099DB88 /* LaunchScreen.storyboard */,
				5D052734225F39420099DB88 /* Info.plist */,
				5D052735225F39420099DB88 /* main.m */,
				5D05274822606F140099DB88 /* PrefixHeader.pch */,
				5DB5346622685B89009796DB /* Localizable.strings */,
			);
			path = Notication;
			sourceTree = "<group>";
		};
		5D05273E226038730099DB88 /* Frameworks */ = {
			isa = PBXGroup;
			children = (
				5DB5345D2268286A009796DB /* CoreLocation.framework */,
				E95D5FA82267756300CA0D92 /* SystemConfiguration.framework */,
				E95D5FA32267731600CA0D92 /* CoreTelephony.framework */,
				5D05273F226038740099DB88 /* UserNotifications.framework */,
				5D0527642265DB1A0099DB88 /* UserNotificationsUI.framework */,
			);
			name = Frameworks;
			sourceTree = "<group>";
		};
		5D05274122606BA20099DB88 /* HBOAAlert */ = {
			isa = PBXGroup;
			children = (
				5D05274422606BA20099DB88 /* HBOAAlertView.h */,
				5D05274322606BA20099DB88 /* HBOAAlertView.m */,
				5D05274222606BA20099DB88 /* HBOAAlertView.xib */,
			);
			path = HBOAAlert;
			sourceTree = "<group>";
		};
		5D052752226561F00099DB88 /* NotificationService */ = {
			isa = PBXGroup;
			children = (
				5D052753226561F00099DB88 /* NotificationService.h */,
				5D052754226561F00099DB88 /* NotificationService.m */,
				5D052756226561F00099DB88 /* Info.plist */,
			);
			path = NotificationService;
			sourceTree = "<group>";
		};
		5D0527662265DB1A0099DB88 /* NotificationContent */ = {
			isa = PBXGroup;
			children = (
				5D0527672265DB1B0099DB88 /* NotificationViewController.h */,
				5D0527682265DB1B0099DB88 /* NotificationViewController.m */,
				5DC7963F2267135700C9CECD /* MainInterface.storyboard */,
				5D05276D2265DB1B0099DB88 /* Info.plist */,
			);
			path = NotificationContent;
			sourceTree = "<group>";
		};
		5DC7962F2266EAA900C9CECD /* Resource */ = {
			isa = PBXGroup;
			children = (
				5DC796302266EAA900C9CECD /* logo_img_02@3x.png */,
				5DC796312266EAA900C9CECD /* logo_img_02@2x.png */,
				5DC796322266EAA900C9CECD /* sound01.wav */,
				5DC796332266EAA900C9CECD /* sound02.wav */,
			);
			path = Resource;
			sourceTree = "<group>";
		};
/* End PBXGroup section */

/* Begin PBXNativeTarget section */
		5D052722225F39410099DB88 /* Notication */ = {
			isa = PBXNativeTarget;
			buildConfigurationList = 5D052739225F39420099DB88 /* Build configuration list for PBXNativeTarget "Notication" */;
			buildPhases = (
				5D05271F225F39410099DB88 /* Sources */,
				5D052720225F39410099DB88 /* Frameworks */,
				5D052721225F39410099DB88 /* Resources */,
				5D05275D226561F00099DB88 /* Embed App Extensions */,
			);
			buildRules = (
			);
			dependencies = (
				5D052758226561F00099DB88 /* PBXTargetDependency */,
				5D05276F2265DB1B0099DB88 /* PBXTargetDependency */,
			);
			name = Notication;
			productName = Notication;
			productReference = 5D052723225F39410099DB88 /* Notication.app */;
			productType = "com.apple.product-type.application";
		};
		5D052750226561EF0099DB88 /* NotificationService */ = {
			isa = PBXNativeTarget;
			buildConfigurationList = 5D05275A226561F00099DB88 /* Build configuration list for PBXNativeTarget "NotificationService" */;
			buildPhases = (
				5D05274D226561EF0099DB88 /* Sources */,
				5D05274E226561EF0099DB88 /* Frameworks */,
				5D05274F226561EF0099DB88 /* Resources */,
			);
			buildRules = (
			);
			dependencies = (
			);
			name = NotificationService;
			productName = NotificationService;
			productReference = 5D052751226561EF0099DB88 /* NotificationService.appex */;
			productType = "com.apple.product-type.app-extension";
		};
		5D0527612265DB1A0099DB88 /* NotificationContent */ = {
			isa = PBXNativeTarget;
			buildConfigurationList = 5D0527712265DB1B0099DB88 /* Build configuration list for PBXNativeTarget "NotificationContent" */;
			buildPhases = (
				5D05275E2265DB1A0099DB88 /* Sources */,
				5D05275F2265DB1A0099DB88 /* Frameworks */,
				5D0527602265DB1A0099DB88 /* Resources */,
			);
			buildRules = (
			);
			dependencies = (
			);
			name = NotificationContent;
			productName = NotificationContent;
			productReference = 5D0527622265DB1A0099DB88 /* NotificationContent.appex */;
			productType = "com.apple.product-type.app-extension";
		};
/* End PBXNativeTarget section */

/* Begin PBXProject section */
		5D05271B225F39410099DB88 /* Project object */ = {
			isa = PBXProject;
			attributes = {
				LastUpgradeCheck = 1020;
				ORGANIZATIONNAME = ershuai;
				TargetAttributes = {
					5D052722225F39410099DB88 = {
						CreatedOnToolsVersion = 10.2;
						SystemCapabilities = {
							com.apple.BackgroundModes = {
								enabled = 1;
							};
							com.apple.Push = {
								enabled = 1;
							};
						};
					};
					5D052750226561EF0099DB88 = {
						CreatedOnToolsVersion = 10.2;
						SystemCapabilities = {
							com.apple.Push = {
								enabled = 0;
							};
						};
					};
					5D0527612265DB1A0099DB88 = {
						CreatedOnToolsVersion = 10.2;
						SystemCapabilities = {
							com.apple.Push = {
								enabled = 0;
							};
						};
					};
				};
			};
			buildConfigurationList = 5D05271E225F39410099DB88 /* Build configuration list for PBXProject "Notication" */;
			compatibilityVersion = "Xcode 9.3";
			developmentRegion = en;
			hasScannedForEncodings = 0;
			knownRegions = (
				en,
				Base,
			);
			mainGroup = 5D05271A225F39410099DB88;
			productRefGroup = 5D052724225F39410099DB88 /* Products */;
			projectDirPath = "";
			projectRoot = "";
			targets = (
				5D052722225F39410099DB88 /* Notication */,
				5D052750226561EF0099DB88 /* NotificationService */,
				5D0527612265DB1A0099DB88 /* NotificationContent */,
			);
		};
/* End PBXProject section */

/* Begin PBXResourcesBuildPhase section */
		5D052721225F39410099DB88 /* Resources */ = {
			isa = PBXResourcesBuildPhase;
			buildActionMask = 2147483647;
			files = (
				5D052733225F39420099DB88 /* LaunchScreen.storyboard in Resources */,
				5DB5346422685B89009796DB /* Localizable.strings in Resources */,
				5DC796372266EAA900C9CECD /* logo_img_02@2x.png in Resources */,
				5DC796392266EAA900C9CECD /* sound02.wav in Resources */,
				5DC796362266EAA900C9CECD /* logo_img_02@3x.png in Resources */,
				5DC796382266EAA900C9CECD /* sound01.wav in Resources */,
				5D052730225F39420099DB88 /* Assets.xcassets in Resources */,
				5D05272E225F39410099DB88 /* Main.storyboard in Resources */,
				5D05274522606BA20099DB88 /* HBOAAlertView.xib in Resources */,
			);
			runOnlyForDeploymentPostprocessing = 0;
		};
		5D05274F226561EF0099DB88 /* Resources */ = {
			isa = PBXResourcesBuildPhase;
			buildActionMask = 2147483647;
			files = (
			);
			runOnlyForDeploymentPostprocessing = 0;
		};
		5D0527602265DB1A0099DB88 /* Resources */ = {
			isa = PBXResourcesBuildPhase;
			buildActionMask = 2147483647;
			files = (
				5DC796412267135700C9CECD /* MainInterface.storyboard in Resources */,
			);
			runOnlyForDeploymentPostprocessing = 0;
		};
/* End PBXResourcesBuildPhase section */

/* Begin PBXSourcesBuildPhase section */
		5D05271F225F39410099DB88 /* Sources */ = {
			isa = PBXSourcesBuildPhase;
			buildActionMask = 2147483647;
			files = (
				5DB534612268401A009796DB /* MoLocationManager.m in Sources */,
				5D05272B225F39410099DB88 /* ViewController.m in Sources */,
				5D052736225F39420099DB88 /* main.m in Sources */,
				5D052728225F39410099DB88 /* AppDelegate.m in Sources */,
				5D05274622606BA20099DB88 /* HBOAAlertView.m in Sources */,
				5DB5345C226817CC009796DB /* NotificationAction.m in Sources */,
				E95D5FA72267751A00CA0D92 /* HBOAReachability.m in Sources */,
				5D05274B2264A4AA0099DB88 /* HBLogProfiler.m in Sources */,
				E95D5FA2226629EA00CA0D92 /* LocalNotificationViewController.m in Sources */,
			);
			runOnlyForDeploymentPostprocessing = 0;
		};
		5D05274D226561EF0099DB88 /* Sources */ = {
			isa = PBXSourcesBuildPhase;
			buildActionMask = 2147483647;
			files = (
				5D052755226561F00099DB88 /* NotificationService.m in Sources */,
			);
			runOnlyForDeploymentPostprocessing = 0;
		};
		5D05275E2265DB1A0099DB88 /* Sources */ = {
			isa = PBXSourcesBuildPhase;
			buildActionMask = 2147483647;
			files = (
				5D0527692265DB1B0099DB88 /* NotificationViewController.m in Sources */,
			);
			runOnlyForDeploymentPostprocessing = 0;
		};
/* End PBXSourcesBuildPhase section */

/* Begin PBXTargetDependency section */
		5D052758226561F00099DB88 /* PBXTargetDependency */ = {
			isa = PBXTargetDependency;
			target = 5D052750226561EF0099DB88 /* NotificationService */;
			targetProxy = 5D052757226561F00099DB88 /* PBXContainerItemProxy */;
		};
		5D05276F2265DB1B0099DB88 /* PBXTargetDependency */ = {
			isa = PBXTargetDependency;
			target = 5D0527612265DB1A0099DB88 /* NotificationContent */;
			targetProxy = 5D05276E2265DB1B0099DB88 /* PBXContainerItemProxy */;
		};
/* End PBXTargetDependency section */

/* Begin PBXVariantGroup section */
		5D05272C225F39410099DB88 /* Main.storyboard */ = {
			isa = PBXVariantGroup;
			children = (
				5D05272D225F39410099DB88 /* Base */,
			);
			name = Main.storyboard;
			sourceTree = "<group>";
		};
		5D052731225F39420099DB88 /* LaunchScreen.storyboard */ = {
			isa = PBXVariantGroup;
			children = (
				5D052732225F39420099DB88 /* Base */,
			);
			name = LaunchScreen.storyboard;
			sourceTree = "<group>";
		};
		5DB5346622685B89009796DB /* Localizable.strings */ = {
			isa = PBXVariantGroup;
			children = (
				5DB5346522685B89009796DB /* en */,
			);
			name = Localizable.strings;
			sourceTree = "<group>";
		};
		5DC7963F2267135700C9CECD /* MainInterface.storyboard */ = {
			isa = PBXVariantGroup;
			children = (
				5DC796402267135700C9CECD /* Base */,
			);
			name = MainInterface.storyboard;
			sourceTree = "<group>";
		};
/* End PBXVariantGroup section */

/* Begin XCBuildConfiguration section */
		5D052737225F39420099DB88 /* Debug */ = {
			isa = XCBuildConfiguration;
			buildSettings = {
				ALWAYS_SEARCH_USER_PATHS = NO;
				CLANG_ANALYZER_LOCALIZABILITY_NONLOCALIZED = YES;
				CLANG_ANALYZER_NONNULL = YES;
				CLANG_ANALYZER_NUMBER_OBJECT_CONVERSION = YES_AGGRESSIVE;
				CLANG_CXX_LANGUAGE_STANDARD = "gnu++14";
				CLANG_CXX_LIBRARY = "libc++";
				CLANG_ENABLE_MODULES = YES;
				CLANG_ENABLE_OBJC_ARC = YES;
				CLANG_ENABLE_OBJC_WEAK = YES;
				CLANG_WARN_BLOCK_CAPTURE_AUTORELEASING = YES;
				CLANG_WARN_BOOL_CONVERSION = YES;
				CLANG_WARN_COMMA = YES;
				CLANG_WARN_CONSTANT_CONVERSION = YES;
				CLANG_WARN_DEPRECATED_OBJC_IMPLEMENTATIONS = YES;
				CLANG_WARN_DIRECT_OBJC_ISA_USAGE = YES_ERROR;
				CLANG_WARN_DOCUMENTATION_COMMENTS = YES;
				CLANG_WARN_EMPTY_BODY = YES;
				CLANG_WARN_ENUM_CONVERSION = YES;
				CLANG_WARN_INFINITE_RECURSION = YES;
				CLANG_WARN_INT_CONVERSION = YES;
				CLANG_WARN_NON_LITERAL_NULL_CONVERSION = YES;
				CLANG_WARN_OBJC_IMPLICIT_RETAIN_SELF = YES;
				CLANG_WARN_OBJC_LITERAL_CONVERSION = YES;
				CLANG_WARN_OBJC_ROOT_CLASS = YES_ERROR;
				CLANG_WARN_RANGE_LOOP_ANALYSIS = YES;
				CLANG_WARN_STRICT_PROTOTYPES = YES;
				CLANG_WARN_SUSPICIOUS_MOVE = YES;
				CLANG_WARN_UNGUARDED_AVAILABILITY = YES_AGGRESSIVE;
				CLANG_WARN_UNREACHABLE_CODE = YES;
				CLANG_WARN__DUPLICATE_METHOD_MATCH = YES;
				CODE_SIGN_IDENTITY = "iPhone Developer";
				COPY_PHASE_STRIP = NO;
				DEBUG_INFORMATION_FORMAT = dwarf;
				ENABLE_STRICT_OBJC_MSGSEND = YES;
				ENABLE_TESTABILITY = YES;
				GCC_C_LANGUAGE_STANDARD = gnu11;
				GCC_DYNAMIC_NO_PIC = NO;
				GCC_NO_COMMON_BLOCKS = YES;
				GCC_OPTIMIZATION_LEVEL = 0;
				GCC_PREPROCESSOR_DEFINITIONS = (
					"DEBUG=1",
					"$(inherited)",
				);
				GCC_WARN_64_TO_32_BIT_CONVERSION = YES;
				GCC_WARN_ABOUT_RETURN_TYPE = YES_ERROR;
				GCC_WARN_UNDECLARED_SELECTOR = YES;
				GCC_WARN_UNINITIALIZED_AUTOS = YES_AGGRESSIVE;
				GCC_WARN_UNUSED_FUNCTION = YES;
				GCC_WARN_UNUSED_VARIABLE = YES;
				IPHONEOS_DEPLOYMENT_TARGET = 12.2;
				MTL_ENABLE_DEBUG_INFO = INCLUDE_SOURCE;
				MTL_FAST_MATH = YES;
				ONLY_ACTIVE_ARCH = YES;
				SDKROOT = iphoneos;
			};
			name = Debug;
		};
		5D052738225F39420099DB88 /* Release */ = {
			isa = XCBuildConfiguration;
			buildSettings = {
				ALWAYS_SEARCH_USER_PATHS = NO;
				CLANG_ANALYZER_LOCALIZABILITY_NONLOCALIZED = YES;
				CLANG_ANALYZER_NONNULL = YES;
				CLANG_ANALYZER_NUMBER_OBJECT_CONVERSION = YES_AGGRESSIVE;
				CLANG_CXX_LANGUAGE_STANDARD = "gnu++14";
				CLANG_CXX_LIBRARY = "libc++";
				CLANG_ENABLE_MODULES = YES;
				CLANG_ENABLE_OBJC_ARC = YES;
				CLANG_ENABLE_OBJC_WEAK = YES;
				CLANG_WARN_BLOCK_CAPTURE_AUTORELEASING = YES;
				CLANG_WARN_BOOL_CONVERSION = YES;
				CLANG_WARN_COMMA = YES;
				CLANG_WARN_CONSTANT_CONVERSION = YES;
				CLANG_WARN_DEPRECATED_OBJC_IMPLEMENTATIONS = YES;
				CLANG_WARN_DIRECT_OBJC_ISA_USAGE = YES_ERROR;
				CLANG_WARN_DOCUMENTATION_COMMENTS = YES;
				CLANG_WARN_EMPTY_BODY = YES;
				CLANG_WARN_ENUM_CONVERSION = YES;
				CLANG_WARN_INFINITE_RECURSION = YES;
				CLANG_WARN_INT_CONVERSION = YES;
				CLANG_WARN_NON_LITERAL_NULL_CONVERSION = YES;
				CLANG_WARN_OBJC_IMPLICIT_RETAIN_SELF = YES;
				CLANG_WARN_OBJC_LITERAL_CONVERSION = YES;
				CLANG_WARN_OBJC_ROOT_CLASS = YES_ERROR;
				CLANG_WARN_RANGE_LOOP_ANALYSIS = YES;
				CLANG_WARN_STRICT_PROTOTYPES = YES;
				CLANG_WARN_SUSPICIOUS_MOVE = YES;
				CLANG_WARN_UNGUARDED_AVAILABILITY = YES_AGGRESSIVE;
				CLANG_WARN_UNREACHABLE_CODE = YES;
				CLANG_WARN__DUPLICATE_METHOD_MATCH = YES;
				CODE_SIGN_IDENTITY = "iPhone Developer";
				COPY_PHASE_STRIP = NO;
				DEBUG_INFORMATION_FORMAT = "dwarf-with-dsym";
				ENABLE_NS_ASSERTIONS = NO;
				ENABLE_STRICT_OBJC_MSGSEND = YES;
				GCC_C_LANGUAGE_STANDARD = gnu11;
				GCC_NO_COMMON_BLOCKS = YES;
				GCC_WARN_64_TO_32_BIT_CONVERSION = YES;
				GCC_WARN_ABOUT_RETURN_TYPE = YES_ERROR;
				GCC_WARN_UNDECLARED_SELECTOR = YES;
				GCC_WARN_UNINITIALIZED_AUTOS = YES_AGGRESSIVE;
				GCC_WARN_UNUSED_FUNCTION = YES;
				GCC_WARN_UNUSED_VARIABLE = YES;
				IPHONEOS_DEPLOYMENT_TARGET = 12.2;
				MTL_ENABLE_DEBUG_INFO = NO;
				MTL_FAST_MATH = YES;
				SDKROOT = iphoneos;
				VALIDATE_PRODUCT = YES;
			};
			name = Release;
		};
		5D05273A225F39420099DB88 /* Debug */ = {
			isa = XCBuildConfiguration;
			buildSettings = {
				ASSETCATALOG_COMPILER_APPICON_NAME = AppIcon;
				CODE_SIGN_ENTITLEMENTS = Notication/Notication.entitlements;
				CODE_SIGN_STYLE = Automatic;
				DEVELOPMENT_TEAM = XJH4F5UWPP;
				GCC_PREFIX_HEADER = "$(SRCROOT)/Notication/PrefixHeader.pch";
				INFOPLIST_FILE = Notication/Info.plist;
				IPHONEOS_DEPLOYMENT_TARGET = 8.0;
				LD_RUNPATH_SEARCH_PATHS = (
					"$(inherited)",
					"@executable_path/Frameworks",
				);
				PRODUCT_BUNDLE_IDENTIFIER = com.ershuai.notication;
				PRODUCT_NAME = "$(TARGET_NAME)";
				TARGETED_DEVICE_FAMILY = 1;
			};
			name = Debug;
		};
		5D05273B225F39420099DB88 /* Release */ = {
			isa = XCBuildConfiguration;
			buildSettings = {
				ASSETCATALOG_COMPILER_APPICON_NAME = AppIcon;
				CODE_SIGN_ENTITLEMENTS = Notication/Notication.entitlements;
				CODE_SIGN_STYLE = Automatic;
				DEVELOPMENT_TEAM = XJH4F5UWPP;
				GCC_PREFIX_HEADER = "$(SRCROOT)/Notication/PrefixHeader.pch";
				INFOPLIST_FILE = Notication/Info.plist;
				IPHONEOS_DEPLOYMENT_TARGET = 8.0;
				LD_RUNPATH_SEARCH_PATHS = (
					"$(inherited)",
					"@executable_path/Frameworks",
				);
				PRODUCT_BUNDLE_IDENTIFIER = com.ershuai.notication;
				PRODUCT_NAME = "$(TARGET_NAME)";
				TARGETED_DEVICE_FAMILY = 1;
			};
			name = Release;
		};
		5D05275B226561F00099DB88 /* Debug */ = {
			isa = XCBuildConfiguration;
			buildSettings = {
				CODE_SIGN_STYLE = Automatic;
				DEVELOPMENT_TEAM = XJH4F5UWPP;
				INFOPLIST_FILE = NotificationService/Info.plist;
				IPHONEOS_DEPLOYMENT_TARGET = 10.0;
				LD_RUNPATH_SEARCH_PATHS = (
					"$(inherited)",
					"@executable_path/Frameworks",
					"@executable_path/../../Frameworks",
				);
				PRODUCT_BUNDLE_IDENTIFIER = com.ershuai.notication.Service;
				PRODUCT_NAME = "$(TARGET_NAME)";
				SKIP_INSTALL = YES;
				TARGETED_DEVICE_FAMILY = "1,2";
			};
			name = Debug;
		};
		5D05275C226561F00099DB88 /* Release */ = {
			isa = XCBuildConfiguration;
			buildSettings = {
				CODE_SIGN_STYLE = Automatic;
				DEVELOPMENT_TEAM = XJH4F5UWPP;
				INFOPLIST_FILE = NotificationService/Info.plist;
				IPHONEOS_DEPLOYMENT_TARGET = 10.0;
				LD_RUNPATH_SEARCH_PATHS = (
					"$(inherited)",
					"@executable_path/Frameworks",
					"@executable_path/../../Frameworks",
				);
				PRODUCT_BUNDLE_IDENTIFIER = com.ershuai.notication.Service;
				PRODUCT_NAME = "$(TARGET_NAME)";
				SKIP_INSTALL = YES;
				TARGETED_DEVICE_FAMILY = "1,2";
			};
			name = Release;
		};
		5D0527722265DB1B0099DB88 /* Debug */ = {
			isa = XCBuildConfiguration;
			buildSettings = {
				CODE_SIGN_STYLE = Automatic;
				DEVELOPMENT_TEAM = XJH4F5UWPP;
				INFOPLIST_FILE = NotificationContent/Info.plist;
				IPHONEOS_DEPLOYMENT_TARGET = 10.0;
				LD_RUNPATH_SEARCH_PATHS = (
					"$(inherited)",
					"@executable_path/Frameworks",
					"@executable_path/../../Frameworks",
				);
				PRODUCT_BUNDLE_IDENTIFIER = com.ershuai.notication.Content;
				PRODUCT_NAME = "$(TARGET_NAME)";
				SKIP_INSTALL = YES;
				TARGETED_DEVICE_FAMILY = "1,2";
			};
			name = Debug;
		};
		5D0527732265DB1B0099DB88 /* Release */ = {
			isa = XCBuildConfiguration;
			buildSettings = {
				CODE_SIGN_STYLE = Automatic;
				DEVELOPMENT_TEAM = XJH4F5UWPP;
				INFOPLIST_FILE = NotificationContent/Info.plist;
				IPHONEOS_DEPLOYMENT_TARGET = 10.0;
				LD_RUNPATH_SEARCH_PATHS = (
					"$(inherited)",
					"@executable_path/Frameworks",
					"@executable_path/../../Frameworks",
				);
				PRODUCT_BUNDLE_IDENTIFIER = com.ershuai.notication.Content;
				PRODUCT_NAME = "$(TARGET_NAME)";
				SKIP_INSTALL = YES;
				TARGETED_DEVICE_FAMILY = "1,2";
			};
			name = Release;
		};
/* End XCBuildConfiguration section */

/* Begin XCConfigurationList section */
		5D05271E225F39410099DB88 /* Build configuration list for PBXProject "Notication" */ = {
			isa = XCConfigurationList;
			buildConfigurations = (
				5D052737225F39420099DB88 /* Debug */,
				5D052738225F39420099DB88 /* Release */,
			);
			defaultConfigurationIsVisible = 0;
			defaultConfigurationName = Release;
		};
		5D052739225F39420099DB88 /* Build configuration list for PBXNativeTarget "Notication" */ = {
			isa = XCConfigurationList;
			buildConfigurations = (
				5D05273A225F39420099DB88 /* Debug */,
				5D05273B225F39420099DB88 /* Release */,
			);
			defaultConfigurationIsVisible = 0;
			defaultConfigurationName = Release;
		};
		5D05275A226561F00099DB88 /* Build configuration list for PBXNativeTarget "NotificationService" */ = {
			isa = XCConfigurationList;
			buildConfigurations = (
				5D05275B226561F00099DB88 /* Debug */,
				5D05275C226561F00099DB88 /* Release */,
			);
			defaultConfigurationIsVisible = 0;
			defaultConfigurationName = Release;
		};
		5D0527712265DB1B0099DB88 /* Build configuration list for PBXNativeTarget "NotificationContent" */ = {
			isa = XCConfigurationList;
			buildConfigurations = (
				5D0527722265DB1B0099DB88 /* Debug */,
				5D0527732265DB1B0099DB88 /* Release */,
			);
			defaultConfigurationIsVisible = 0;
			defaultConfigurationName = Release;
		};
/* End XCConfigurationList section */
	};
	rootObject = 5D05271B225F39410099DB88 /* Project object */;
}
